
Microsoft Visual Studio Solution File, Format Version 12.00
# Visual Studio 14
VisualStudioVersion = 14.0.24720.0
MinimumVisualStudioVersion = 10.0.40219.1
Project("{2150E333-8FDC-42A3-9474-1A3956D46DE8}") = "src", "src", "{11F1EB02-F130-4A61-9375-7B9111528673}"
EndProject
Project("{2150E333-8FDC-42A3-9474-1A3956D46DE8}") = "Solution Items", "Solution Items", "{DDAD26D6-63E7-4EDA-BB71-7246235AA949}"
	ProjectSection(SolutionItems) = preProject
		global.json = global.json
	EndProjectSection
EndProject
Project("{8BB2217D-0F2D-49D1-97BC-3654ED321F3B}") = "DaveyStack.BusinessLogic", "src\DaveyStack.BusinessLogic\DaveyStack.BusinessLogic.xproj", "{E62EAA9B-E63F-45B4-967A-308EDBD52B60}"
EndProject
Project("{8BB2217D-0F2D-49D1-97BC-3654ED321F3B}") = "DaveyStack.DataAccess", "src\DaveyStack.DataAccess\DaveyStack.DataAccess.xproj", "{EA1E2B64-7809-4B41-99B7-E38B23E165D8}"
EndProject
Global
	GlobalSection(SolutionConfigurationPlatforms) = preSolution
		Debug|Any CPU = Debug|Any CPU
		Release|Any CPU = Release|Any CPU
	EndGlobalSection
	GlobalSection(ProjectConfigurationPlatforms) = postSolution
		{E62EAA9B-E63F-45B4-967A-308EDBD52B60}.Debug|Any CPU.ActiveCfg = Debug|Any CPU
		{E62EAA9B-E63F-45B4-967A-308EDBD52B60}.Debug|Any CPU.Build.0 = Debug|Any CPU
		{E62EAA9B-E63F-45B4-967A-308EDBD52B60}.Release|Any CPU.ActiveCfg = Release|Any CPU
		{E62EAA9B-E63F-45B4-967A-308EDBD52B60}.Release|Any CPU.Build.0 = Release|Any CPU
		{EA1E2B64-7809-4B41-99B7-E38B23E165D8}.Debug|Any CPU.ActiveCfg = Debug|Any CPU
		{EA1E2B64-7809-4B41-99B7-E38B23E165D8}.Debug|Any CPU.Build.0 = Debug|Any CPU
		{EA1E2B64-7809-4B41-99B7-E38B23E165D8}.Release|Any CPU.ActiveCfg = Release|Any CPU
		{EA1E2B64-7809-4B41-99B7-E38B23E165D8}.Release|Any CPU.Build.0 = Release|Any CPU
	EndGlobalSection
	GlobalSection(SolutionProperties) = preSolution
		HideSolutionNode = FALSE
	EndGlobalSection
	GlobalSection(NestedProjects) = preSolution
		{E62EAA9B-E63F-45B4-967A-308EDBD52B60} = {11F1EB02-F130-4A61-9375-7B9111528673}
		{EA1E2B64-7809-4B41-99B7-E38B23E165D8} = {11F1EB02-F130-4A61-9375-7B9111528673}
	EndGlobalSection
EndGlobal
